
Microsoft Visual Studio Solution File, Format Version 12.00
# Visual Studio Version 17
VisualStudioVersion = 17.9.34321.82
MinimumVisualStudioVersion = 10.0.40219.1
Project("{FAE04EC0-301F-11D3-BF4B-00C04F79EFBC}") = "AdventOfCode2023", "AdventOfCode2023\AdventOfCode2023.csproj", "{22F3356B-A018-4F3B-8980-6280B50C2470}"
EndProject
Global
	GlobalSection(SolutionConfigurationPlatforms) = preSolution
		Debug|Any CPU = Debug|Any CPU
		Release|Any CPU = Release|Any CPU
	EndGlobalSection
	GlobalSection(ProjectConfigurationPlatforms) = postSolution
		{22F3356B-A018-4F3B-8980-6280B50C2470}.Debug|Any CPU.ActiveCfg = Debug|Any CPU
		{22F3356B-A018-4F3B-8980-6280B50C2470}.Debug|Any CPU.Build.0 = Debug|Any CPU
		{22F3356B-A018-4F3B-8980-6280B50C2470}.Release|Any CPU.ActiveCfg = Release|Any CPU
		{22F3356B-A018-4F3B-8980-6280B50C2470}.Release|Any CPU.Build.0 = Release|Any CPU
	EndGlobalSection
	GlobalSection(SolutionProperties) = preSolution
		HideSolutionNode = FALSE
	EndGlobalSection
	GlobalSection(ExtensibilityGlobals) = postSolution
		SolutionGuid = {557BC3AE-0113-4508-B6B9-A12E3E7CAA69}
	EndGlobalSection
EndGlobal
